
Microsoft Visual Studio Solution File, Format Version 12.00
# Visual Studio Version 17
VisualStudioVersion = 17.4.33213.308
MinimumVisualStudioVersion = 10.0.40219.1
Project("{FAE04EC0-301F-11D3-BF4B-00C04F79EFBC}") = "IflowApi", "IflowApi\IflowApi.csproj", "{F4E846DF-CD5D-40B5-9141-381FF6AA0F2F}"
EndProject
Global
	GlobalSection(SolutionConfigurationPlatforms) = preSolution
		Debug|Any CPU = Debug|Any CPU
		Release|Any CPU = Release|Any CPU
	EndGlobalSection
	GlobalSection(ProjectConfigurationPlatforms) = postSolution
		{F4E846DF-CD5D-40B5-9141-381FF6AA0F2F}.Debug|Any CPU.ActiveCfg = Debug|Any CPU
		{F4E846DF-CD5D-40B5-9141-381FF6AA0F2F}.Debug|Any CPU.Build.0 = Debug|Any CPU
		{F4E846DF-CD5D-40B5-9141-381FF6AA0F2F}.Release|Any CPU.ActiveCfg = Release|Any CPU
		{F4E846DF-CD5D-40B5-9141-381FF6AA0F2F}.Release|Any CPU.Build.0 = Release|Any CPU
	EndGlobalSection
	GlobalSection(SolutionProperties) = preSolution
		HideSolutionNode = FALSE
	EndGlobalSection
	GlobalSection(ExtensibilityGlobals) = postSolution
		SolutionGuid = {82A6EACE-C5A1-410B-A143-2D45409F1583}
	EndGlobalSection
EndGlobal
